{
  "object": {
    "pins": [
      {
        "package": "FMProgressHUD",
        "repositoryURL": "https://github.com/matchifang/FMProgressHUD.git",
        "state": {
          "branch": null,
          "revision": "006bae6560a42fce30cab91f37d5d84c526e653c",
          "version": "0.0.2"
        }
      }
    ]
  },
  "version": 1
}
